
Microsoft Visual Studio Solution File, Format Version 12.00
# Visual Studio 2012
Project("{FAE04EC0-301F-11D3-BF4B-00C04F79EFBC}") = "HelloWorld", "HelloWorld\HelloWorld.csproj", "{8FAE26B0-04F4-43CC-BBD6-0BFAE5A3C4F1}"
EndProject
Project("{FAE04EC0-301F-11D3-BF4B-00C04F79EFBC}") = "TestLifecycle", "Samples02\TestLifecycle\TestLifecycle\TestLifecycle.csproj", "{233543DB-A9A4-4D46-AFCB-2C555136A1BF}"
EndProject
Project("{FAE04EC0-301F-11D3-BF4B-00C04F79EFBC}") = "TestObscured", "Samples02\TestObscured\TestObscured\TestObscured.csproj", "{B6AC2E7A-C1AB-48C0-B9D1-C0B9CECAEAF3}"
EndProject
Project("{FAE04EC0-301F-11D3-BF4B-00C04F79EFBC}") = "PageCreationOrder", "Samples02\PageCreationOrder\PageCreationOrder\PageCreationOrder.csproj", "{9929C8F7-3558-4689-AC1C-4B3D59AF91DA}"
EndProject
Project("{FAE04EC0-301F-11D3-BF4B-00C04F79EFBC}") = "LifecycleState", "Samples02\LifecycleState\LifecycleState\LifecycleState.csproj", "{C2C68A5C-807D-4582-A356-A59E51F51F4F}"
EndProject
Project("{FAE04EC0-301F-11D3-BF4B-00C04F79EFBC}") = "PageNavigationState", "Samples02\PageNavigationState\PageNavigationState\PageNavigationState.csproj", "{7C3112D1-DFD1-4851-AF7B-506F4F8485BD}"
EndProject
Project("{FAE04EC0-301F-11D3-BF4B-00C04F79EFBC}") = "NavigationManagement", "Samples02\NavigationManagement\NavigationManagement\NavigationManagement.csproj", "{BF2A33CA-6F2E-4B2C-9BB9-3782C6C022C3}"
EndProject
Project("{FAE04EC0-301F-11D3-BF4B-00C04F79EFBC}") = "NavigationParameters", "Samples02\NavigationParameters\NavigationParameters\NavigationParameters.csproj", "{F184B9BC-CF84-4ED9-B7A1-80A44DAA8F6F}"
EndProject
Global
	GlobalSection(SolutionConfigurationPlatforms) = preSolution
		Debug|Any CPU = Debug|Any CPU
		Debug|ARM = Debug|ARM
		Debug|x86 = Debug|x86
		Release|Any CPU = Release|Any CPU
		Release|ARM = Release|ARM
		Release|x86 = Release|x86
	EndGlobalSection
	GlobalSection(ProjectConfigurationPlatforms) = postSolution
		{8FAE26B0-04F4-43CC-BBD6-0BFAE5A3C4F1}.Debug|Any CPU.ActiveCfg = Debug|Any CPU
		{8FAE26B0-04F4-43CC-BBD6-0BFAE5A3C4F1}.Debug|Any CPU.Build.0 = Debug|Any CPU
		{8FAE26B0-04F4-43CC-BBD6-0BFAE5A3C4F1}.Debug|Any CPU.Deploy.0 = Debug|Any CPU
		{8FAE26B0-04F4-43CC-BBD6-0BFAE5A3C4F1}.Debug|ARM.ActiveCfg = Debug|ARM
		{8FAE26B0-04F4-43CC-BBD6-0BFAE5A3C4F1}.Debug|ARM.Build.0 = Debug|ARM
		{8FAE26B0-04F4-43CC-BBD6-0BFAE5A3C4F1}.Debug|ARM.Deploy.0 = Debug|ARM
		{8FAE26B0-04F4-43CC-BBD6-0BFAE5A3C4F1}.Debug|x86.ActiveCfg = Debug|x86
		{8FAE26B0-04F4-43CC-BBD6-0BFAE5A3C4F1}.Debug|x86.Build.0 = Debug|x86
		{8FAE26B0-04F4-43CC-BBD6-0BFAE5A3C4F1}.Debug|x86.Deploy.0 = Debug|x86
		{8FAE26B0-04F4-43CC-BBD6-0BFAE5A3C4F1}.Release|Any CPU.ActiveCfg = Release|Any CPU
		{8FAE26B0-04F4-43CC-BBD6-0BFAE5A3C4F1}.Release|Any CPU.Build.0 = Release|Any CPU
		{8FAE26B0-04F4-43CC-BBD6-0BFAE5A3C4F1}.Release|Any CPU.Deploy.0 = Release|Any CPU
		{8FAE26B0-04F4-43CC-BBD6-0BFAE5A3C4F1}.Release|ARM.ActiveCfg = Release|ARM
		{8FAE26B0-04F4-43CC-BBD6-0BFAE5A3C4F1}.Release|ARM.Build.0 = Release|ARM
		{8FAE26B0-04F4-43CC-BBD6-0BFAE5A3C4F1}.Release|ARM.Deploy.0 = Release|ARM
		{8FAE26B0-04F4-43CC-BBD6-0BFAE5A3C4F1}.Release|x86.ActiveCfg = Release|x86
		{8FAE26B0-04F4-43CC-BBD6-0BFAE5A3C4F1}.Release|x86.Build.0 = Release|x86
		{8FAE26B0-04F4-43CC-BBD6-0BFAE5A3C4F1}.Release|x86.Deploy.0 = Release|x86
		{233543DB-A9A4-4D46-AFCB-2C555136A1BF}.Debug|Any CPU.ActiveCfg = Debug|Any CPU
		{233543DB-A9A4-4D46-AFCB-2C555136A1BF}.Debug|Any CPU.Build.0 = Debug|Any CPU
		{233543DB-A9A4-4D46-AFCB-2C555136A1BF}.Debug|Any CPU.Deploy.0 = Debug|Any CPU
		{233543DB-A9A4-4D46-AFCB-2C555136A1BF}.Debug|ARM.ActiveCfg = Debug|ARM
		{233543DB-A9A4-4D46-AFCB-2C555136A1BF}.Debug|ARM.Build.0 = Debug|ARM
		{233543DB-A9A4-4D46-AFCB-2C555136A1BF}.Debug|ARM.Deploy.0 = Debug|ARM
		{233543DB-A9A4-4D46-AFCB-2C555136A1BF}.Debug|x86.ActiveCfg = Debug|x86
		{233543DB-A9A4-4D46-AFCB-2C555136A1BF}.Debug|x86.Build.0 = Debug|x86
		{233543DB-A9A4-4D46-AFCB-2C555136A1BF}.Debug|x86.Deploy.0 = Debug|x86
		{233543DB-A9A4-4D46-AFCB-2C555136A1BF}.Release|Any CPU.ActiveCfg = Release|Any CPU
		{233543DB-A9A4-4D46-AFCB-2C555136A1BF}.Release|Any CPU.Build.0 = Release|Any CPU
		{233543DB-A9A4-4D46-AFCB-2C555136A1BF}.Release|Any CPU.Deploy.0 = Release|Any CPU
		{233543DB-A9A4-4D46-AFCB-2C555136A1BF}.Release|ARM.ActiveCfg = Release|ARM
		{233543DB-A9A4-4D46-AFCB-2C555136A1BF}.Release|ARM.Build.0 = Release|ARM
		{233543DB-A9A4-4D46-AFCB-2C555136A1BF}.Release|ARM.Deploy.0 = Release|ARM
		{233543DB-A9A4-4D46-AFCB-2C555136A1BF}.Release|x86.ActiveCfg = Release|x86
		{233543DB-A9A4-4D46-AFCB-2C555136A1BF}.Release|x86.Build.0 = Release|x86
		{233543DB-A9A4-4D46-AFCB-2C555136A1BF}.Release|x86.Deploy.0 = Release|x86
		{B6AC2E7A-C1AB-48C0-B9D1-C0B9CECAEAF3}.Debug|Any CPU.ActiveCfg = Debug|Any CPU
		{B6AC2E7A-C1AB-48C0-B9D1-C0B9CECAEAF3}.Debug|Any CPU.Build.0 = Debug|Any CPU
		{B6AC2E7A-C1AB-48C0-B9D1-C0B9CECAEAF3}.Debug|Any CPU.Deploy.0 = Debug|Any CPU
		{B6AC2E7A-C1AB-48C0-B9D1-C0B9CECAEAF3}.Debug|ARM.ActiveCfg = Debug|ARM
		{B6AC2E7A-C1AB-48C0-B9D1-C0B9CECAEAF3}.Debug|ARM.Build.0 = Debug|ARM
		{B6AC2E7A-C1AB-48C0-B9D1-C0B9CECAEAF3}.Debug|ARM.Deploy.0 = Debug|ARM
		{B6AC2E7A-C1AB-48C0-B9D1-C0B9CECAEAF3}.Debug|x86.ActiveCfg = Debug|x86
		{B6AC2E7A-C1AB-48C0-B9D1-C0B9CECAEAF3}.Debug|x86.Build.0 = Debug|x86
		{B6AC2E7A-C1AB-48C0-B9D1-C0B9CECAEAF3}.Debug|x86.Deploy.0 = Debug|x86
		{B6AC2E7A-C1AB-48C0-B9D1-C0B9CECAEAF3}.Release|Any CPU.ActiveCfg = Release|Any CPU
		{B6AC2E7A-C1AB-48C0-B9D1-C0B9CECAEAF3}.Release|Any CPU.Build.0 = Release|Any CPU
		{B6AC2E7A-C1AB-48C0-B9D1-C0B9CECAEAF3}.Release|Any CPU.Deploy.0 = Release|Any CPU
		{B6AC2E7A-C1AB-48C0-B9D1-C0B9CECAEAF3}.Release|ARM.ActiveCfg = Release|ARM
		{B6AC2E7A-C1AB-48C0-B9D1-C0B9CECAEAF3}.Release|ARM.Build.0 = Release|ARM
		{B6AC2E7A-C1AB-48C0-B9D1-C0B9CECAEAF3}.Release|ARM.Deploy.0 = Release|ARM
		{B6AC2E7A-C1AB-48C0-B9D1-C0B9CECAEAF3}.Release|x86.ActiveCfg = Release|x86
		{B6AC2E7A-C1AB-48C0-B9D1-C0B9CECAEAF3}.Release|x86.Build.0 = Release|x86
		{B6AC2E7A-C1AB-48C0-B9D1-C0B9CECAEAF3}.Release|x86.Deploy.0 = Release|x86
		{9929C8F7-3558-4689-AC1C-4B3D59AF91DA}.Debug|Any CPU.ActiveCfg = Debug|Any CPU
		{9929C8F7-3558-4689-AC1C-4B3D59AF91DA}.Debug|Any CPU.Build.0 = Debug|Any CPU
		{9929C8F7-3558-4689-AC1C-4B3D59AF91DA}.Debug|Any CPU.Deploy.0 = Debug|Any CPU
		{9929C8F7-3558-4689-AC1C-4B3D59AF91DA}.Debug|ARM.ActiveCfg = Debug|ARM
		{9929C8F7-3558-4689-AC1C-4B3D59AF91DA}.Debug|ARM.Build.0 = Debug|ARM
		{9929C8F7-3558-4689-AC1C-4B3D59AF91DA}.Debug|ARM.Deploy.0 = Debug|ARM
		{9929C8F7-3558-4689-AC1C-4B3D59AF91DA}.Debug|x86.ActiveCfg = Debug|x86
		{9929C8F7-3558-4689-AC1C-4B3D59AF91DA}.Debug|x86.Build.0 = Debug|x86
		{9929C8F7-3558-4689-AC1C-4B3D59AF91DA}.Debug|x86.Deploy.0 = Debug|x86
		{9929C8F7-3558-4689-AC1C-4B3D59AF91DA}.Release|Any CPU.ActiveCfg = Release|Any CPU
		{9929C8F7-3558-4689-AC1C-4B3D59AF91DA}.Release|Any CPU.Build.0 = Release|Any CPU
		{9929C8F7-3558-4689-AC1C-4B3D59AF91DA}.Release|Any CPU.Deploy.0 = Release|Any CPU
		{9929C8F7-3558-4689-AC1C-4B3D59AF91DA}.Release|ARM.ActiveCfg = Release|ARM
		{9929C8F7-3558-4689-AC1C-4B3D59AF91DA}.Release|ARM.Build.0 = Release|ARM
		{9929C8F7-3558-4689-AC1C-4B3D59AF91DA}.Release|ARM.Deploy.0 = Release|ARM
		{9929C8F7-3558-4689-AC1C-4B3D59AF91DA}.Release|x86.ActiveCfg = Release|x86
		{9929C8F7-3558-4689-AC1C-4B3D59AF91DA}.Release|x86.Build.0 = Release|x86
		{9929C8F7-3558-4689-AC1C-4B3D59AF91DA}.Release|x86.Deploy.0 = Release|x86
		{C2C68A5C-807D-4582-A356-A59E51F51F4F}.Debug|Any CPU.ActiveCfg = Debug|Any CPU
		{C2C68A5C-807D-4582-A356-A59E51F51F4F}.Debug|Any CPU.Build.0 = Debug|Any CPU
		{C2C68A5C-807D-4582-A356-A59E51F51F4F}.Debug|Any CPU.Deploy.0 = Debug|Any CPU
		{C2C68A5C-807D-4582-A356-A59E51F51F4F}.Debug|ARM.ActiveCfg = Debug|ARM
		{C2C68A5C-807D-4582-A356-A59E51F51F4F}.Debug|ARM.Build.0 = Debug|ARM
		{C2C68A5C-807D-4582-A356-A59E51F51F4F}.Debug|ARM.Deploy.0 = Debug|ARM
		{C2C68A5C-807D-4582-A356-A59E51F51F4F}.Debug|x86.ActiveCfg = Debug|x86
		{C2C68A5C-807D-4582-A356-A59E51F51F4F}.Debug|x86.Build.0 = Debug|x86
		{C2C68A5C-807D-4582-A356-A59E51F51F4F}.Debug|x86.Deploy.0 = Debug|x86
		{C2C68A5C-807D-4582-A356-A59E51F51F4F}.Release|Any CPU.ActiveCfg = Release|Any CPU
		{C2C68A5C-807D-4582-A356-A59E51F51F4F}.Release|Any CPU.Build.0 = Release|Any CPU
		{C2C68A5C-807D-4582-A356-A59E51F51F4F}.Release|Any CPU.Deploy.0 = Release|Any CPU
		{C2C68A5C-807D-4582-A356-A59E51F51F4F}.Release|ARM.ActiveCfg = Release|ARM
		{C2C68A5C-807D-4582-A356-A59E51F51F4F}.Release|ARM.Build.0 = Release|ARM
		{C2C68A5C-807D-4582-A356-A59E51F51F4F}.Release|ARM.Deploy.0 = Release|ARM
		{C2C68A5C-807D-4582-A356-A59E51F51F4F}.Release|x86.ActiveCfg = Release|x86
		{C2C68A5C-807D-4582-A356-A59E51F51F4F}.Release|x86.Build.0 = Release|x86
		{C2C68A5C-807D-4582-A356-A59E51F51F4F}.Release|x86.Deploy.0 = Release|x86
		{7C3112D1-DFD1-4851-AF7B-506F4F8485BD}.Debug|Any CPU.ActiveCfg = Debug|Any CPU
		{7C3112D1-DFD1-4851-AF7B-506F4F8485BD}.Debug|Any CPU.Build.0 = Debug|Any CPU
		{7C3112D1-DFD1-4851-AF7B-506F4F8485BD}.Debug|Any CPU.Deploy.0 = Debug|Any CPU
		{7C3112D1-DFD1-4851-AF7B-506F4F8485BD}.Debug|ARM.ActiveCfg = Debug|ARM
		{7C3112D1-DFD1-4851-AF7B-506F4F8485BD}.Debug|ARM.Build.0 = Debug|ARM
		{7C3112D1-DFD1-4851-AF7B-506F4F8485BD}.Debug|ARM.Deploy.0 = Debug|ARM
		{7C3112D1-DFD1-4851-AF7B-506F4F8485BD}.Debug|x86.ActiveCfg = Debug|x86
		{7C3112D1-DFD1-4851-AF7B-506F4F8485BD}.Debug|x86.Build.0 = Debug|x86
		{7C3112D1-DFD1-4851-AF7B-506F4F8485BD}.Debug|x86.Deploy.0 = Debug|x86
		{7C3112D1-DFD1-4851-AF7B-506F4F8485BD}.Release|Any CPU.ActiveCfg = Release|Any CPU
		{7C3112D1-DFD1-4851-AF7B-506F4F8485BD}.Release|Any CPU.Build.0 = Release|Any CPU
		{7C3112D1-DFD1-4851-AF7B-506F4F8485BD}.Release|Any CPU.Deploy.0 = Release|Any CPU
		{7C3112D1-DFD1-4851-AF7B-506F4F8485BD}.Release|ARM.ActiveCfg = Release|ARM
		{7C3112D1-DFD1-4851-AF7B-506F4F8485BD}.Release|ARM.Build.0 = Release|ARM
		{7C3112D1-DFD1-4851-AF7B-506F4F8485BD}.Release|ARM.Deploy.0 = Release|ARM
		{7C3112D1-DFD1-4851-AF7B-506F4F8485BD}.Release|x86.ActiveCfg = Release|x86
		{7C3112D1-DFD1-4851-AF7B-506F4F8485BD}.Release|x86.Build.0 = Release|x86
		{7C3112D1-DFD1-4851-AF7B-506F4F8485BD}.Release|x86.Deploy.0 = Release|x86
		{BF2A33CA-6F2E-4B2C-9BB9-3782C6C022C3}.Debug|Any CPU.ActiveCfg = Debug|Any CPU
		{BF2A33CA-6F2E-4B2C-9BB9-3782C6C022C3}.Debug|Any CPU.Build.0 = Debug|Any CPU
		{BF2A33CA-6F2E-4B2C-9BB9-3782C6C022C3}.Debug|Any CPU.Deploy.0 = Debug|Any CPU
		{BF2A33CA-6F2E-4B2C-9BB9-3782C6C022C3}.Debug|ARM.ActiveCfg = Debug|ARM
		{BF2A33CA-6F2E-4B2C-9BB9-3782C6C022C3}.Debug|ARM.Build.0 = Debug|ARM
		{BF2A33CA-6F2E-4B2C-9BB9-3782C6C022C3}.Debug|ARM.Deploy.0 = Debug|ARM
		{BF2A33CA-6F2E-4B2C-9BB9-3782C6C022C3}.Debug|x86.ActiveCfg = Debug|x86
		{BF2A33CA-6F2E-4B2C-9BB9-3782C6C022C3}.Debug|x86.Build.0 = Debug|x86
		{BF2A33CA-6F2E-4B2C-9BB9-3782C6C022C3}.Debug|x86.Deploy.0 = Debug|x86
		{BF2A33CA-6F2E-4B2C-9BB9-3782C6C022C3}.Release|Any CPU.ActiveCfg = Release|Any CPU
		{BF2A33CA-6F2E-4B2C-9BB9-3782C6C022C3}.Release|Any CPU.Build.0 = Release|Any CPU
		{BF2A33CA-6F2E-4B2C-9BB9-3782C6C022C3}.Release|Any CPU.Deploy.0 = Release|Any CPU
		{BF2A33CA-6F2E-4B2C-9BB9-3782C6C022C3}.Release|ARM.ActiveCfg = Release|ARM
		{BF2A33CA-6F2E-4B2C-9BB9-3782C6C022C3}.Release|ARM.Build.0 = Release|ARM
		{BF2A33CA-6F2E-4B2C-9BB9-3782C6C022C3}.Release|ARM.Deploy.0 = Release|ARM
		{BF2A33CA-6F2E-4B2C-9BB9-3782C6C022C3}.Release|x86.ActiveCfg = Release|x86
		{BF2A33CA-6F2E-4B2C-9BB9-3782C6C022C3}.Release|x86.Build.0 = Release|x86
		{BF2A33CA-6F2E-4B2C-9BB9-3782C6C022C3}.Release|x86.Deploy.0 = Release|x86
		{F184B9BC-CF84-4ED9-B7A1-80A44DAA8F6F}.Debug|Any CPU.ActiveCfg = Debug|Any CPU
		{F184B9BC-CF84-4ED9-B7A1-80A44DAA8F6F}.Debug|Any CPU.Build.0 = Debug|Any CPU
		{F184B9BC-CF84-4ED9-B7A1-80A44DAA8F6F}.Debug|Any CPU.Deploy.0 = Debug|Any CPU
		{F184B9BC-CF84-4ED9-B7A1-80A44DAA8F6F}.Debug|ARM.ActiveCfg = Debug|ARM
		{F184B9BC-CF84-4ED9-B7A1-80A44DAA8F6F}.Debug|ARM.Build.0 = Debug|ARM
		{F184B9BC-CF84-4ED9-B7A1-80A44DAA8F6F}.Debug|ARM.Deploy.0 = Debug|ARM
		{F184B9BC-CF84-4ED9-B7A1-80A44DAA8F6F}.Debug|x86.ActiveCfg = Debug|x86
		{F184B9BC-CF84-4ED9-B7A1-80A44DAA8F6F}.Debug|x86.Build.0 = Debug|x86
		{F184B9BC-CF84-4ED9-B7A1-80A44DAA8F6F}.Debug|x86.Deploy.0 = Debug|x86
		{F184B9BC-CF84-4ED9-B7A1-80A44DAA8F6F}.Release|Any CPU.ActiveCfg = Release|Any CPU
		{F184B9BC-CF84-4ED9-B7A1-80A44DAA8F6F}.Release|Any CPU.Build.0 = Release|Any CPU
		{F184B9BC-CF84-4ED9-B7A1-80A44DAA8F6F}.Release|Any CPU.Deploy.0 = Release|Any CPU
		{F184B9BC-CF84-4ED9-B7A1-80A44DAA8F6F}.Release|ARM.ActiveCfg = Release|ARM
		{F184B9BC-CF84-4ED9-B7A1-80A44DAA8F6F}.Release|ARM.Build.0 = Release|ARM
		{F184B9BC-CF84-4ED9-B7A1-80A44DAA8F6F}.Release|ARM.Deploy.0 = Release|ARM
		{F184B9BC-CF84-4ED9-B7A1-80A44DAA8F6F}.Release|x86.ActiveCfg = Release|x86
		{F184B9BC-CF84-4ED9-B7A1-80A44DAA8F6F}.Release|x86.Build.0 = Release|x86
		{F184B9BC-CF84-4ED9-B7A1-80A44DAA8F6F}.Release|x86.Deploy.0 = Release|x86
	EndGlobalSection
	GlobalSection(SolutionProperties) = preSolution
		HideSolutionNode = FALSE
	EndGlobalSection
EndGlobal
